{
  "name": "book-keeping",
  "version": "1.0.0",
  "lockfileVersion": 2,
  "requires": true,
  "packages": {
    "": {
      "name": "book-keeping",
      "version": "1.0.0",
      "license": "ISC",
      "dependencies": {
        "@vant/weapp": "^1.10.5",
        "miniprogram-recycle-view": "^0.1.5"
      },
      "devDependencies": {}
    },
    "node_modules/@vant/weapp": {
      "version": "1.10.5",
      "resolved": "https://registry.npmjs.org/@vant/weapp/-/weapp-1.10.5.tgz",
      "integrity": "sha512-bAHp9r0ZiRsOqPOLzQHI/ZvkAlXzol1/TFhM70MyghuxkzJTjcDUd8RIfLkCN3c1MCK/PfBGw2an8/afygftCg=="
    },
    "node_modules/miniprogram-recycle-view": {
      "version": "0.1.5",
      "resolved": "https://registry.npmjs.org/miniprogram-recycle-view/-/miniprogram-recycle-view-0.1.5.tgz",
      "integrity": "sha512-Pfm/u+jfg+b5zDhjXqm7QbR9IuViqX8JyzcHDgr6Zw9wSK0wmbXNzscA1WoSnGP5Z2nG2TIqtiNXvEbvsyrxXA=="
    }
  },
  "dependencies": {
    "@vant/weapp": {
      "version": "1.10.5",
      "resolved": "https://registry.npmjs.org/@vant/weapp/-/weapp-1.10.5.tgz",
      "integrity": "sha512-bAHp9r0ZiRsOqPOLzQHI/ZvkAlXzol1/TFhM70MyghuxkzJTjcDUd8RIfLkCN3c1MCK/PfBGw2an8/afygftCg=="
    },
    "miniprogram-recycle-view": {
      "version": "0.1.5",
      "resolved": "https://registry.npmjs.org/miniprogram-recycle-view/-/miniprogram-recycle-view-0.1.5.tgz",
      "integrity": "sha512-Pfm/u+jfg+b5zDhjXqm7QbR9IuViqX8JyzcHDgr6Zw9wSK0wmbXNzscA1WoSnGP5Z2nG2TIqtiNXvEbvsyrxXA=="
    }
  }
}
